// !$*UTF8*$!
{
	archiveVersion = 1;
	classes = {
	};
	objectVersion = 46;
	objects = {

/* Begin PBXBuildFile section */
		3D04C4CB15EBD8BB00EA78DF /* N0things.xcdatamodeld in Sources */ = {isa = PBXBuildFile; fileRef = 3D230E2015E1943B0003DC9D /* N0things.xcdatamodeld */; };
		3D04C4D415EBD97700EA78DF /* Shape+CD.m in Sources */ = {isa = PBXBuildFile; fileRef = 3D04C4D315EBD97700EA78DF /* Shape+CD.m */; };
		3D04C4DF15EBDCF900EA78DF /* Shape.m in Sources */ = {isa = PBXBuildFile; fileRef = 3D04C4DE15EBDCF900EA78DF /* Shape.m */; };
		3D04C4E215EBDE7600EA78DF /* ISO8601DateFormatter.m in Sources */ = {isa = PBXBuildFile; fileRef = 3D04C4E115EBDE7200EA78DF /* ISO8601DateFormatter.m */; settings = {COMPILER_FLAGS = "-fno-objc-arc"; }; };
		3D230E2B15E19A430003DC9D /* ImageProcessingOperation.m in Sources */ = {isa = PBXBuildFile; fileRef = 3D230E2A15E19A430003DC9D /* ImageProcessingOperation.m */; };
		3D230E2D15E19E000003DC9D /* CoreData.framework in Frameworks */ = {isa = PBXBuildFile; fileRef = 3D230E2C15E19E000003DC9D /* CoreData.framework */; };
		3D3163A015E54E3100E76754 /* photo-button-down.png in Resources */ = {isa = PBXBuildFile; fileRef = 3D31637915E54E3100E76754 /* photo-button-down.png */; };
		3D3163A115E54E3100E76754 /* photo-button-down@2x.png in Resources */ = {isa = PBXBuildFile; fileRef = 3D31637A15E54E3100E76754 /* photo-button-down@2x.png */; };
		3D3163A215E54E3100E76754 /* photo-button-up.png in Resources */ = {isa = PBXBuildFile; fileRef = 3D31637B15E54E3100E76754 /* photo-button-up.png */; };
		3D3163A315E54E3100E76754 /* photo-button-up@2x.png in Resources */ = {isa = PBXBuildFile; fileRef = 3D31637C15E54E3100E76754 /* photo-button-up@2x.png */; };
		3D3163A415E54E3100E76754 /* title-select-shape.png in Resources */ = {isa = PBXBuildFile; fileRef = 3D31637D15E54E3100E76754 /* title-select-shape.png */; };
		3D3163A515E54E3100E76754 /* title-select-shape@2x.png in Resources */ = {isa = PBXBuildFile; fileRef = 3D31637E15E54E3100E76754 /* title-select-shape@2x.png */; };
		3D3163A615E54E3100E76754 /* title-submit-shape.png in Resources */ = {isa = PBXBuildFile; fileRef = 3D31637F15E54E3100E76754 /* title-submit-shape.png */; };
		3D3163A715E54E3100E76754 /* title-submit-shape@2x.png in Resources */ = {isa = PBXBuildFile; fileRef = 3D31638015E54E3100E76754 /* title-submit-shape@2x.png */; };
		3D3163A815E54E3100E76754 /* title-take-picture.png in Resources */ = {isa = PBXBuildFile; fileRef = 3D31638115E54E3100E76754 /* title-take-picture.png */; };
		3D3163A915E54E3100E76754 /* title-take-picture@2x.png in Resources */ = {isa = PBXBuildFile; fileRef = 3D31638215E54E3100E76754 /* title-take-picture@2x.png */; };
		3D3163AE15E54E3100E76754 /* upload-button-down.png in Resources */ = {isa = PBXBuildFile; fileRef = 3D31638715E54E3100E76754 /* upload-button-down.png */; };
		3D3163AF15E54E3100E76754 /* upload-button-down@2x.png in Resources */ = {isa = PBXBuildFile; fileRef = 3D31638815E54E3100E76754 /* upload-button-down@2x.png */; };
		3D3163B015E54E3100E76754 /* upload-button-up.png in Resources */ = {isa = PBXBuildFile; fileRef = 3D31638915E54E3100E76754 /* upload-button-up.png */; };
		3D3163B115E54E3100E76754 /* upload-button-up@2x.png in Resources */ = {isa = PBXBuildFile; fileRef = 3D31638A15E54E3100E76754 /* upload-button-up@2x.png */; };
		3D3163B215E54E3100E76754 /* about-button-down.png in Resources */ = {isa = PBXBuildFile; fileRef = 3D31638C15E54E3100E76754 /* about-button-down.png */; };
		3D3163C015E54E3100E76754 /* back-button-down.png in Resources */ = {isa = PBXBuildFile; fileRef = 3D31639A15E54E3100E76754 /* back-button-down.png */; };
		3D3163C115E54E3100E76754 /* back-button-up.png in Resources */ = {isa = PBXBuildFile; fileRef = 3D31639B15E54E3100E76754 /* back-button-up.png */; };
		3D3163C215E54E3100E76754 /* back-button-down@2x.png in Resources */ = {isa = PBXBuildFile; fileRef = 3D31639C15E54E3100E76754 /* back-button-down@2x.png */; };
		3D3163C315E54E3100E76754 /* back-button-up@2x.png in Resources */ = {isa = PBXBuildFile; fileRef = 3D31639D15E54E3100E76754 /* back-button-up@2x.png */; };
		3D3163CA15E56F7500E76754 /* toolbar@2x.png in Resources */ = {isa = PBXBuildFile; fileRef = 3D3163C615E56F7500E76754 /* toolbar@2x.png */; };
		3D3163CB15E56F7500E76754 /* toolbar.png in Resources */ = {isa = PBXBuildFile; fileRef = 3D3163C715E56F7500E76754 /* toolbar.png */; };
		3D3163CC15E56F7500E76754 /* titlebar.png in Resources */ = {isa = PBXBuildFile; fileRef = 3D3163C815E56F7500E76754 /* titlebar.png */; };
		3D3163CD15E56F7500E76754 /* titlebar@2x.png in Resources */ = {isa = PBXBuildFile; fileRef = 3D3163C915E56F7500E76754 /* titlebar@2x.png */; };
		3D3163D015E576C100E76754 /* CollectionViewController.m in Sources */ = {isa = PBXBuildFile; fileRef = 3D3163CF15E576C100E76754 /* CollectionViewController.m */; };
		3D3163D315E5781300E76754 /* ClusterView.m in Sources */ = {isa = PBXBuildFile; fileRef = 3D3163D215E5781300E76754 /* ClusterView.m */; };
		3D332B3015D940D20065F9E6 /* ImageProcessing.mm in Sources */ = {isa = PBXBuildFile; fileRef = 3D332B2F15D940D20065F9E6 /* ImageProcessing.mm */; };
		3D5C011015E27D9100E4A80B /* ShapeRecord.m in Sources */ = {isa = PBXBuildFile; fileRef = 3D5C010F15E27D9100E4A80B /* ShapeRecord.m */; };
		3D5C011315E280DA00E4A80B /* opencv2.framework in Frameworks */ = {isa = PBXBuildFile; fileRef = 3D5C011215E280DA00E4A80B /* opencv2.framework */; };
		3D5C0AE615E244D900F555C9 /* AWSiOSSDK.framework in Frameworks */ = {isa = PBXBuildFile; fileRef = 3D5C0AE515E244D900F555C9 /* AWSiOSSDK.framework */; };
		3D79D28815E5858700193CE7 /* Cluster.m in Sources */ = {isa = PBXBuildFile; fileRef = 3D79D28715E5858700193CE7 /* Cluster.m */; };
		3D79D28C15E594B100193CE7 /* ShapeView.m in Sources */ = {isa = PBXBuildFile; fileRef = 3D79D28B15E594B100193CE7 /* ShapeView.m */; };
		3D79D29B15E630F200193CE7 /* button-about-down.png in Resources */ = {isa = PBXBuildFile; fileRef = 3D79D28D15E630F200193CE7 /* button-about-down.png */; };
		3D79D29C15E630F200193CE7 /* button-about-down@2x.png in Resources */ = {isa = PBXBuildFile; fileRef = 3D79D28E15E630F200193CE7 /* button-about-down@2x.png */; };
		3D79D29D15E630F200193CE7 /* button-about-up.png in Resources */ = {isa = PBXBuildFile; fileRef = 3D79D28F15E630F200193CE7 /* button-about-up.png */; };
		3D79D29E15E630F200193CE7 /* button-about-up@2x.png in Resources */ = {isa = PBXBuildFile; fileRef = 3D79D29015E630F200193CE7 /* button-about-up@2x.png */; };
		3D79D29F15E630F200193CE7 /* button-collection-down.png in Resources */ = {isa = PBXBuildFile; fileRef = 3D79D29115E630F200193CE7 /* button-collection-down.png */; };
		3D79D2A015E630F200193CE7 /* button-collection-down@2x.png in Resources */ = {isa = PBXBuildFile; fileRef = 3D79D29215E630F200193CE7 /* button-collection-down@2x.png */; };
		3D79D2A115E630F200193CE7 /* button-collection-up.png in Resources */ = {isa = PBXBuildFile; fileRef = 3D79D29315E630F200193CE7 /* button-collection-up.png */; };
		3D79D2A215E630F200193CE7 /* button-collection-up@2x.png in Resources */ = {isa = PBXBuildFile; fileRef = 3D79D29415E630F200193CE7 /* button-collection-up@2x.png */; };
		3D79D2A315E630F200193CE7 /* button-start-down.png in Resources */ = {isa = PBXBuildFile; fileRef = 3D79D29515E630F200193CE7 /* button-start-down.png */; };
		3D79D2A415E630F200193CE7 /* button-start-down@2x.png in Resources */ = {isa = PBXBuildFile; fileRef = 3D79D29615E630F200193CE7 /* button-start-down@2x.png */; };
		3D79D2A515E630F200193CE7 /* button-start-up.png in Resources */ = {isa = PBXBuildFile; fileRef = 3D79D29715E630F200193CE7 /* button-start-up.png */; };
		3D79D2A615E630F200193CE7 /* button-start-up@2x.png in Resources */ = {isa = PBXBuildFile; fileRef = 3D79D29815E630F200193CE7 /* button-start-up@2x.png */; };
		3D79D2A715E630F200193CE7 /* title_nothings.png in Resources */ = {isa = PBXBuildFile; fileRef = 3D79D29915E630F200193CE7 /* title_nothings.png */; };
		3D79D2A815E630F200193CE7 /* title_nothings@2x.png in Resources */ = {isa = PBXBuildFile; fileRef = 3D79D29A15E630F200193CE7 /* title_nothings@2x.png */; };
		3D79D2AB15E6311C00193CE7 /* background.png in Resources */ = {isa = PBXBuildFile; fileRef = 3D79D2A915E6311C00193CE7 /* background.png */; };
		3D79D2AC15E6311C00193CE7 /* background@2x.png in Resources */ = {isa = PBXBuildFile; fileRef = 3D79D2AA15E6311C00193CE7 /* background@2x.png */; };
		3D98A07115D94B5C0067BDE9 /* StartViewController.m in Sources */ = {isa = PBXBuildFile; fileRef = 3D98A07015D94B5C0067BDE9 /* StartViewController.m */; };
		3D98A07915D99C140067BDE9 /* CollectionManager.m in Sources */ = {isa = PBXBuildFile; fileRef = 3D98A07815D99C140067BDE9 /* CollectionManager.m */; };
		3DCD0BC115E66F1200C6E817 /* ShapeRecordView.m in Sources */ = {isa = PBXBuildFile; fileRef = 3DCD0BC015E66F1200C6E817 /* ShapeRecordView.m */; };
		3DCF6A8415EB77A7006FBFB4 /* title-detecting-shape.png in Resources */ = {isa = PBXBuildFile; fileRef = 3DCF6A7F15EB77A7006FBFB4 /* title-detecting-shape.png */; };
		3DCF6A8515EB77A7006FBFB4 /* title-detecting-shape@2x.png in Resources */ = {isa = PBXBuildFile; fileRef = 3DCF6A8015EB77A7006FBFB4 /* title-detecting-shape@2x.png */; };
		3DCF6A8615EB77A7006FBFB4 /* title-please-wait@2x.png in Resources */ = {isa = PBXBuildFile; fileRef = 3DCF6A8115EB77A7006FBFB4 /* title-please-wait@2x.png */; };
		3DCF6A8715EB77A7006FBFB4 /* title-please-wait.png in Resources */ = {isa = PBXBuildFile; fileRef = 3DCF6A8215EB77A7006FBFB4 /* title-please-wait.png */; };
		3DCF6A9415EB7842006FBFB4 /* feedback-+1.png in Resources */ = {isa = PBXBuildFile; fileRef = 3DCF6A8B15EB7842006FBFB4 /* feedback-+1.png */; };
		3DCF6A9515EB7842006FBFB4 /* feedback-+1@2x.png in Resources */ = {isa = PBXBuildFile; fileRef = 3DCF6A8C15EB7842006FBFB4 /* feedback-+1@2x.png */; };
		3DCF6A9615EB7842006FBFB4 /* feedback-well-done.png in Resources */ = {isa = PBXBuildFile; fileRef = 3DCF6A8D15EB7842006FBFB4 /* feedback-well-done.png */; };
		3DCF6A9715EB7842006FBFB4 /* feedback-well-done@2x.png in Resources */ = {isa = PBXBuildFile; fileRef = 3DCF6A8E15EB7842006FBFB4 /* feedback-well-done@2x.png */; };
		3DCF6A9815EB7842006FBFB4 /* title-about.png in Resources */ = {isa = PBXBuildFile; fileRef = 3DCF6A8F15EB7842006FBFB4 /* title-about.png */; };
		3DCF6A9915EB7842006FBFB4 /* title-about@2x.png in Resources */ = {isa = PBXBuildFile; fileRef = 3DCF6A9015EB7842006FBFB4 /* title-about@2x.png */; };
		3DCF6A9A15EB7842006FBFB4 /* title-your-collection.png in Resources */ = {isa = PBXBuildFile; fileRef = 3DCF6A9115EB7842006FBFB4 /* title-your-collection.png */; };
		3DCF6A9B15EB7842006FBFB4 /* title-your-collection@2x.png in Resources */ = {isa = PBXBuildFile; fileRef = 3DCF6A9215EB7842006FBFB4 /* title-your-collection@2x.png */; };
		3DCF6AA815EB9738006FBFB4 /* iTunesArtwork in Resources */ = {isa = PBXBuildFile; fileRef = 3DCF6A9E15EB9738006FBFB4 /* iTunesArtwork */; };
		3DCF6AA915EB9738006FBFB4 /* Icon-72.png in Resources */ = {isa = PBXBuildFile; fileRef = 3DCF6A9F15EB9738006FBFB4 /* Icon-72.png */; };
		3DCF6AAA15EB9738006FBFB4 /* Icon-72@2x.png in Resources */ = {isa = PBXBuildFile; fileRef = 3DCF6AA015EB9738006FBFB4 /* Icon-72@2x.png */; };
		3DCF6AAB15EB9738006FBFB4 /* Icon-Small-50.png in Resources */ = {isa = PBXBuildFile; fileRef = 3DCF6AA115EB9738006FBFB4 /* Icon-Small-50.png */; };
		3DCF6AAC15EB9738006FBFB4 /* Icon-Small-50@2x.png in Resources */ = {isa = PBXBuildFile; fileRef = 3DCF6AA215EB9738006FBFB4 /* Icon-Small-50@2x.png */; };
		3DCF6AAD15EB9738006FBFB4 /* Icon-Small.png in Resources */ = {isa = PBXBuildFile; fileRef = 3DCF6AA315EB9738006FBFB4 /* Icon-Small.png */; };
		3DCF6AAE15EB9738006FBFB4 /* Icon-Small@2x.png in Resources */ = {isa = PBXBuildFile; fileRef = 3DCF6AA415EB9738006FBFB4 /* Icon-Small@2x.png */; };
		3DCF6AAF15EB9738006FBFB4 /* Icon.png in Resources */ = {isa = PBXBuildFile; fileRef = 3DCF6AA515EB9738006FBFB4 /* Icon.png */; };
		3DCF6AB015EB9738006FBFB4 /* Icon@2x.png in Resources */ = {isa = PBXBuildFile; fileRef = 3DCF6AA615EB9738006FBFB4 /* Icon@2x.png */; };
		3DCF6AB115EB9738006FBFB4 /* iTunesArtwork@2x in Resources */ = {isa = PBXBuildFile; fileRef = 3DCF6AA715EB9738006FBFB4 /* iTunesArtwork@2x */; };
		3DF1687815D30D27003236BA /* UIKit.framework in Frameworks */ = {isa = PBXBuildFile; fileRef = 3DF1687715D30D27003236BA /* UIKit.framework */; };
		3DF1687A15D30D27003236BA /* Foundation.framework in Frameworks */ = {isa = PBXBuildFile; fileRef = 3DF1687915D30D27003236BA /* Foundation.framework */; };
		3DF1687C15D30D27003236BA /* CoreGraphics.framework in Frameworks */ = {isa = PBXBuildFile; fileRef = 3DF1687B15D30D27003236BA /* CoreGraphics.framework */; };
		3DF1688215D30D27003236BA /* InfoPlist.strings in Resources */ = {isa = PBXBuildFile; fileRef = 3DF1688015D30D27003236BA /* InfoPlist.strings */; };
		3DF1688415D30D27003236BA /* main.m in Sources */ = {isa = PBXBuildFile; fileRef = 3DF1688315D30D27003236BA /* main.m */; };
		3DF1688815D30D27003236BA /* AppDelegate.m in Sources */ = {isa = PBXBuildFile; fileRef = 3DF1688715D30D27003236BA /* AppDelegate.m */; };
		3DF1688B15D30D27003236BA /* MainStoryboard.storyboard in Resources */ = {isa = PBXBuildFile; fileRef = 3DF1688915D30D27003236BA /* MainStoryboard.storyboard */; };
		3DF1688E15D30D27003236BA /* MainImageViewController.m in Sources */ = {isa = PBXBuildFile; fileRef = 3DF1688D15D30D27003236BA /* MainImageViewController.m */; };
/* End PBXBuildFile section */

/* Begin PBXFileReference section */
		3D04C4C615EBD42500EA78DF /* N0things 2.xcdatamodel */ = {isa = PBXFileReference; lastKnownFileType = file; path = "N0things 2.xcdatamodel"; sourceTree = "<group>"; };
		3D04C4D215EBD97600EA78DF /* Shape+CD.h */ = {isa = PBXFileReference; fileEncoding = 4; lastKnownFileType = sourcecode.c.h; path = "Shape+CD.h"; sourceTree = "<group>"; };
		3D04C4D315EBD97700EA78DF /* Shape+CD.m */ = {isa = PBXFileReference; fileEncoding = 4; lastKnownFileType = sourcecode.c.objc; path = "Shape+CD.m"; sourceTree = "<group>"; };
		3D04C4DD15EBDCF900EA78DF /* Shape.h */ = {isa = PBXFileReference; fileEncoding = 4; lastKnownFileType = sourcecode.c.h; path = Shape.h; sourceTree = "<group>"; };
		3D04C4DE15EBDCF900EA78DF /* Shape.m */ = {isa = PBXFileReference; fileEncoding = 4; lastKnownFileType = sourcecode.c.objc; path = Shape.m; sourceTree = "<group>"; };
		3D04C4E015EBDE7200EA78DF /* ISO8601DateFormatter.h */ = {isa = PBXFileReference; lastKnownFileType = sourcecode.c.h; path = ISO8601DateFormatter.h; sourceTree = "<group>"; };
		3D04C4E115EBDE7200EA78DF /* ISO8601DateFormatter.m */ = {isa = PBXFileReference; lastKnownFileType = sourcecode.c.objc; path = ISO8601DateFormatter.m; sourceTree = "<group>"; };
		3D230E2115E1943B0003DC9D /* N0things.xcdatamodel */ = {isa = PBXFileReference; lastKnownFileType = wrapper.xcdatamodel; path = N0things.xcdatamodel; sourceTree = "<group>"; };
		3D230E2915E19A430003DC9D /* ImageProcessingOperation.h */ = {isa = PBXFileReference; fileEncoding = 4; lastKnownFileType = sourcecode.c.h; path = ImageProcessingOperation.h; sourceTree = "<group>"; };
		3D230E2A15E19A430003DC9D /* ImageProcessingOperation.m */ = {isa = PBXFileReference; fileEncoding = 4; lastKnownFileType = sourcecode.c.objc; path = ImageProcessingOperation.m; sourceTree = "<group>"; };
		3D230E2C15E19E000003DC9D /* CoreData.framework */ = {isa = PBXFileReference; lastKnownFileType = wrapper.framework; name = CoreData.framework; path = System/Library/Frameworks/CoreData.framework; sourceTree = SDKROOT; };
		3D31637915E54E3100E76754 /* photo-button-down.png */ = {isa = PBXFileReference; lastKnownFileType = image.png; path = "photo-button-down.png"; sourceTree = "<group>"; };
		3D31637A15E54E3100E76754 /* photo-button-down@2x.png */ = {isa = PBXFileReference; lastKnownFileType = image.png; path = "photo-button-down@2x.png"; sourceTree = "<group>"; };
		3D31637B15E54E3100E76754 /* photo-button-up.png */ = {isa = PBXFileReference; lastKnownFileType = image.png; path = "photo-button-up.png"; sourceTree = "<group>"; };
		3D31637C15E54E3100E76754 /* photo-button-up@2x.png */ = {isa = PBXFileReference; lastKnownFileType = image.png; path = "photo-button-up@2x.png"; sourceTree = "<group>"; };
		3D31637D15E54E3100E76754 /* title-select-shape.png */ = {isa = PBXFileReference; lastKnownFileType = image.png; path = "title-select-shape.png"; sourceTree = "<group>"; };
		3D31637E15E54E3100E76754 /* title-select-shape@2x.png */ = {isa = PBXFileReference; lastKnownFileType = image.png; path = "title-select-shape@2x.png"; sourceTree = "<group>"; };
		3D31637F15E54E3100E76754 /* title-submit-shape.png */ = {isa = PBXFileReference; lastKnownFileType = image.png; path = "title-submit-shape.png"; sourceTree = "<group>"; };
		3D31638015E54E3100E76754 /* title-submit-shape@2x.png */ = {isa = PBXFileReference; lastKnownFileType = image.png; path = "title-submit-shape@2x.png"; sourceTree = "<group>"; };
		3D31638115E54E3100E76754 /* title-take-picture.png */ = {isa = PBXFileReference; lastKnownFileType = image.png; path = "title-take-picture.png"; sourceTree = "<group>"; };
		3D31638215E54E3100E76754 /* title-take-picture@2x.png */ = {isa = PBXFileReference; lastKnownFileType = image.png; path = "title-take-picture@2x.png"; sourceTree = "<group>"; };
		3D31638715E54E3100E76754 /* upload-button-down.png */ = {isa = PBXFileReference; lastKnownFileType = image.png; path = "upload-button-down.png"; sourceTree = "<group>"; };
		3D31638815E54E3100E76754 /* upload-button-down@2x.png */ = {isa = PBXFileReference; lastKnownFileType = image.png; path = "upload-button-down@2x.png"; sourceTree = "<group>"; };
		3D31638915E54E3100E76754 /* upload-button-up.png */ = {isa = PBXFileReference; lastKnownFileType = image.png; path = "upload-button-up.png"; sourceTree = "<group>"; };
		3D31638A15E54E3100E76754 /* upload-button-up@2x.png */ = {isa = PBXFileReference; lastKnownFileType = image.png; path = "upload-button-up@2x.png"; sourceTree = "<group>"; };
		3D31638C15E54E3100E76754 /* about-button-down.png */ = {isa = PBXFileReference; lastKnownFileType = image.png; path = "about-button-down.png"; sourceTree = "<group>"; };
		3D31639A15E54E3100E76754 /* back-button-down.png */ = {isa = PBXFileReference; lastKnownFileType = image.png; path = "back-button-down.png"; sourceTree = "<group>"; };
		3D31639B15E54E3100E76754 /* back-button-up.png */ = {isa = PBXFileReference; lastKnownFileType = image.png; path = "back-button-up.png"; sourceTree = "<group>"; };
		3D31639C15E54E3100E76754 /* back-button-down@2x.png */ = {isa = PBXFileReference; lastKnownFileType = image.png; path = "back-button-down@2x.png"; sourceTree = "<group>"; };
		3D31639D15E54E3100E76754 /* back-button-up@2x.png */ = {isa = PBXFileReference; lastKnownFileType = image.png; path = "back-button-up@2x.png"; sourceTree = "<group>"; };
		3D3163C615E56F7500E76754 /* toolbar@2x.png */ = {isa = PBXFileReference; lastKnownFileType = image.png; path = "toolbar@2x.png"; sourceTree = "<group>"; };
		3D3163C715E56F7500E76754 /* toolbar.png */ = {isa = PBXFileReference; lastKnownFileType = image.png; path = toolbar.png; sourceTree = "<group>"; };
		3D3163C815E56F7500E76754 /* titlebar.png */ = {isa = PBXFileReference; lastKnownFileType = image.png; path = titlebar.png; sourceTree = "<group>"; };
		3D3163C915E56F7500E76754 /* titlebar@2x.png */ = {isa = PBXFileReference; lastKnownFileType = image.png; path = "titlebar@2x.png"; sourceTree = "<group>"; };
		3D3163CE15E576C100E76754 /* CollectionViewController.h */ = {isa = PBXFileReference; fileEncoding = 4; lastKnownFileType = sourcecode.c.h; path = CollectionViewController.h; sourceTree = "<group>"; };
		3D3163CF15E576C100E76754 /* CollectionViewController.m */ = {isa = PBXFileReference; fileEncoding = 4; lastKnownFileType = sourcecode.c.objc; path = CollectionViewController.m; sourceTree = "<group>"; };
		3D3163D115E5781200E76754 /* ClusterView.h */ = {isa = PBXFileReference; fileEncoding = 4; lastKnownFileType = sourcecode.c.h; path = ClusterView.h; sourceTree = "<group>"; };
		3D3163D215E5781300E76754 /* ClusterView.m */ = {isa = PBXFileReference; fileEncoding = 4; lastKnownFileType = sourcecode.c.objc; path = ClusterView.m; sourceTree = "<group>"; };
		3D332B2E15D940D20065F9E6 /* ImageProcessing.h */ = {isa = PBXFileReference; fileEncoding = 4; lastKnownFileType = sourcecode.c.h; path = ImageProcessing.h; sourceTree = "<group>"; };
		3D332B2F15D940D20065F9E6 /* ImageProcessing.mm */ = {isa = PBXFileReference; fileEncoding = 4; lastKnownFileType = sourcecode.cpp.objcpp; path = ImageProcessing.mm; sourceTree = "<group>"; };
		3D332B3615D942440065F9E6 /* ImageProcessingProtocol.h */ = {isa = PBXFileReference; lastKnownFileType = sourcecode.c.h; path = ImageProcessingProtocol.h; sourceTree = "<group>"; };
		3D5C010E15E27D9100E4A80B /* ShapeRecord.h */ = {isa = PBXFileReference; fileEncoding = 4; lastKnownFileType = sourcecode.c.h; path = ShapeRecord.h; sourceTree = "<group>"; };
		3D5C010F15E27D9100E4A80B /* ShapeRecord.m */ = {isa = PBXFileReference; fileEncoding = 4; lastKnownFileType = sourcecode.c.objc; path = ShapeRecord.m; sourceTree = "<group>"; };
		3D5C011215E280DA00E4A80B /* opencv2.framework */ = {isa = PBXFileReference; lastKnownFileType = wrapper.framework; path = opencv2.framework; sourceTree = "<group>"; };
		3D5C012415E295E800E4A80B /* Constants.h */ = {isa = PBXFileReference; lastKnownFileType = sourcecode.c.h; path = Constants.h; sourceTree = "<group>"; };
		3D5C0AE515E244D900F555C9 /* AWSiOSSDK.framework */ = {isa = PBXFileReference; lastKnownFileType = wrapper.framework; path = AWSiOSSDK.framework; sourceTree = "<group>"; };
		3D79D28615E5858700193CE7 /* Cluster.h */ = {isa = PBXFileReference; fileEncoding = 4; lastKnownFileType = sourcecode.c.h; path = Cluster.h; sourceTree = "<group>"; };
		3D79D28715E5858700193CE7 /* Cluster.m */ = {isa = PBXFileReference; fileEncoding = 4; lastKnownFileType = sourcecode.c.objc; path = Cluster.m; sourceTree = "<group>"; };
		3D79D28A15E594B100193CE7 /* ShapeView.h */ = {isa = PBXFileReference; fileEncoding = 4; lastKnownFileType = sourcecode.c.h; path = ShapeView.h; sourceTree = "<group>"; };
		3D79D28B15E594B100193CE7 /* ShapeView.m */ = {isa = PBXFileReference; fileEncoding = 4; lastKnownFileType = sourcecode.c.objc; path = ShapeView.m; sourceTree = "<group>"; };
		3D79D28D15E630F200193CE7 /* button-about-down.png */ = {isa = PBXFileReference; lastKnownFileType = image.png; path = "button-about-down.png"; sourceTree = "<group>"; };
		3D79D28E15E630F200193CE7 /* button-about-down@2x.png */ = {isa = PBXFileReference; lastKnownFileType = image.png; path = "button-about-down@2x.png"; sourceTree = "<group>"; };
		3D79D28F15E630F200193CE7 /* button-about-up.png */ = {isa = PBXFileReference; lastKnownFileType = image.png; path = "button-about-up.png"; sourceTree = "<group>"; };
		3D79D29015E630F200193CE7 /* button-about-up@2x.png */ = {isa = PBXFileReference; lastKnownFileType = image.png; path = "button-about-up@2x.png"; sourceTree = "<group>"; };
		3D79D29115E630F200193CE7 /* button-collection-down.png */ = {isa = PBXFileReference; lastKnownFileType = image.png; path = "button-collection-down.png"; sourceTree = "<group>"; };
		3D79D29215E630F200193CE7 /* button-collection-down@2x.png */ = {isa = PBXFileReference; lastKnownFileType = image.png; path = "button-collection-down@2x.png"; sourceTree = "<group>"; };
		3D79D29315E630F200193CE7 /* button-collection-up.png */ = {isa = PBXFileReference; lastKnownFileType = image.png; path = "button-collection-up.png"; sourceTree = "<group>"; };
		3D79D29415E630F200193CE7 /* button-collection-up@2x.png */ = {isa = PBXFileReference; lastKnownFileType = image.png; path = "button-collection-up@2x.png"; sourceTree = "<group>"; };
		3D79D29515E630F200193CE7 /* button-start-down.png */ = {isa = PBXFileReference; lastKnownFileType = image.png; path = "button-start-down.png"; sourceTree = "<group>"; };
		3D79D29615E630F200193CE7 /* button-start-down@2x.png */ = {isa = PBXFileReference; lastKnownFileType = image.png; path = "button-start-down@2x.png"; sourceTree = "<group>"; };
		3D79D29715E630F200193CE7 /* button-start-up.png */ = {isa = PBXFileReference; lastKnownFileType = image.png; path = "button-start-up.png"; sourceTree = "<group>"; };
		3D79D29815E630F200193CE7 /* button-start-up@2x.png */ = {isa = PBXFileReference; lastKnownFileType = image.png; path = "button-start-up@2x.png"; sourceTree = "<group>"; };
		3D79D29915E630F200193CE7 /* title_nothings.png */ = {isa = PBXFileReference; lastKnownFileType = image.png; path = title_nothings.png; sourceTree = "<group>"; };
		3D79D29A15E630F200193CE7 /* title_nothings@2x.png */ = {isa = PBXFileReference; lastKnownFileType = image.png; path = "title_nothings@2x.png"; sourceTree = "<group>"; };
		3D79D2A915E6311C00193CE7 /* background.png */ = {isa = PBXFileReference; lastKnownFileType = image.png; path = background.png; sourceTree = "<group>"; };
		3D79D2AA15E6311C00193CE7 /* background@2x.png */ = {isa = PBXFileReference; lastKnownFileType = image.png; path = "background@2x.png"; sourceTree = "<group>"; };
		3D98A06F15D94B5C0067BDE9 /* StartViewController.h */ = {isa = PBXFileReference; fileEncoding = 4; lastKnownFileType = sourcecode.c.h; path = StartViewController.h; sourceTree = "<group>"; };
		3D98A07015D94B5C0067BDE9 /* StartViewController.m */ = {isa = PBXFileReference; fileEncoding = 4; lastKnownFileType = sourcecode.c.objc; path = StartViewController.m; sourceTree = "<group>"; };
		3D98A07715D99C140067BDE9 /* CollectionManager.h */ = {isa = PBXFileReference; fileEncoding = 4; lastKnownFileType = sourcecode.c.h; path = CollectionManager.h; sourceTree = "<group>"; };
		3D98A07815D99C140067BDE9 /* CollectionManager.m */ = {isa = PBXFileReference; fileEncoding = 4; lastKnownFileType = sourcecode.c.objc; path = CollectionManager.m; sourceTree = "<group>"; };
		3DCD0BBF15E66F1200C6E817 /* ShapeRecordView.h */ = {isa = PBXFileReference; fileEncoding = 4; lastKnownFileType = sourcecode.c.h; path = ShapeRecordView.h; sourceTree = "<group>"; };
		3DCD0BC015E66F1200C6E817 /* ShapeRecordView.m */ = {isa = PBXFileReference; fileEncoding = 4; lastKnownFileType = sourcecode.c.objc; path = ShapeRecordView.m; sourceTree = "<group>"; };
		3DCF6A7F15EB77A7006FBFB4 /* title-detecting-shape.png */ = {isa = PBXFileReference; lastKnownFileType = image.png; path = "title-detecting-shape.png"; sourceTree = "<group>"; };
		3DCF6A8015EB77A7006FBFB4 /* title-detecting-shape@2x.png */ = {isa = PBXFileReference; lastKnownFileType = image.png; path = "title-detecting-shape@2x.png"; sourceTree = "<group>"; };
		3DCF6A8115EB77A7006FBFB4 /* title-please-wait@2x.png */ = {isa = PBXFileReference; lastKnownFileType = image.png; path = "title-please-wait@2x.png"; sourceTree = "<group>"; };
		3DCF6A8215EB77A7006FBFB4 /* title-please-wait.png */ = {isa = PBXFileReference; lastKnownFileType = image.png; path = "title-please-wait.png"; sourceTree = "<group>"; };
		3DCF6A8B15EB7842006FBFB4 /* feedback-+1.png */ = {isa = PBXFileReference; lastKnownFileType = image.png; path = "feedback-+1.png"; sourceTree = "<group>"; };
		3DCF6A8C15EB7842006FBFB4 /* feedback-+1@2x.png */ = {isa = PBXFileReference; lastKnownFileType = image.png; path = "feedback-+1@2x.png"; sourceTree = "<group>"; };
		3DCF6A8D15EB7842006FBFB4 /* feedback-well-done.png */ = {isa = PBXFileReference; lastKnownFileType = image.png; path = "feedback-well-done.png"; sourceTree = "<group>"; };
		3DCF6A8E15EB7842006FBFB4 /* feedback-well-done@2x.png */ = {isa = PBXFileReference; lastKnownFileType = image.png; path = "feedback-well-done@2x.png"; sourceTree = "<group>"; };
		3DCF6A8F15EB7842006FBFB4 /* title-about.png */ = {isa = PBXFileReference; lastKnownFileType = image.png; name = "title-about.png"; path = "graphics collection & feedback/title-about.png"; sourceTree = "<group>"; };
		3DCF6A9015EB7842006FBFB4 /* title-about@2x.png */ = {isa = PBXFileReference; lastKnownFileType = image.png; name = "title-about@2x.png"; path = "graphics collection & feedback/title-about@2x.png"; sourceTree = "<group>"; };
		3DCF6A9115EB7842006FBFB4 /* title-your-collection.png */ = {isa = PBXFileReference; lastKnownFileType = image.png; path = "title-your-collection.png"; sourceTree = "<group>"; };
		3DCF6A9215EB7842006FBFB4 /* title-your-collection@2x.png */ = {isa = PBXFileReference; lastKnownFileType = image.png; path = "title-your-collection@2x.png"; sourceTree = "<group>"; };
		3DCF6A9E15EB9738006FBFB4 /* iTunesArtwork */ = {isa = PBXFileReference; lastKnownFileType = file; path = iTunesArtwork; sourceTree = "<group>"; };
		3DCF6A9F15EB9738006FBFB4 /* Icon-72.png */ = {isa = PBXFileReference; lastKnownFileType = image.png; path = "Icon-72.png"; sourceTree = "<group>"; };
		3DCF6AA015EB9738006FBFB4 /* Icon-72@2x.png */ = {isa = PBXFileReference; lastKnownFileType = image.png; path = "Icon-72@2x.png"; sourceTree = "<group>"; };
		3DCF6AA115EB9738006FBFB4 /* Icon-Small-50.png */ = {isa = PBXFileReference; lastKnownFileType = image.png; path = "Icon-Small-50.png"; sourceTree = "<group>"; };
		3DCF6AA215EB9738006FBFB4 /* Icon-Small-50@2x.png */ = {isa = PBXFileReference; lastKnownFileType = image.png; path = "Icon-Small-50@2x.png"; sourceTree = "<group>"; };
		3DCF6AA315EB9738006FBFB4 /* Icon-Small.png */ = {isa = PBXFileReference; lastKnownFileType = image.png; path = "Icon-Small.png"; sourceTree = "<group>"; };
		3DCF6AA415EB9738006FBFB4 /* Icon-Small@2x.png */ = {isa = PBXFileReference; lastKnownFileType = image.png; path = "Icon-Small@2x.png"; sourceTree = "<group>"; };
		3DCF6AA515EB9738006FBFB4 /* Icon.png */ = {isa = PBXFileReference; lastKnownFileType = image.png; path = Icon.png; sourceTree = "<group>"; };
		3DCF6AA615EB9738006FBFB4 /* Icon@2x.png */ = {isa = PBXFileReference; lastKnownFileType = image.png; path = "Icon@2x.png"; sourceTree = "<group>"; };
		3DCF6AA715EB9738006FBFB4 /* iTunesArtwork@2x */ = {isa = PBXFileReference; lastKnownFileType = file; path = "iTunesArtwork@2x"; sourceTree = "<group>"; };
		3DF1687315D30D27003236BA /* Constantijn.app */ = {isa = PBXFileReference; explicitFileType = wrapper.application; includeInIndex = 0; path = Constantijn.app; sourceTree = BUILT_PRODUCTS_DIR; };
		3DF1687715D30D27003236BA /* UIKit.framework */ = {isa = PBXFileReference; lastKnownFileType = wrapper.framework; name = UIKit.framework; path = System/Library/Frameworks/UIKit.framework; sourceTree = SDKROOT; };
		3DF1687915D30D27003236BA /* Foundation.framework */ = {isa = PBXFileReference; lastKnownFileType = wrapper.framework; name = Foundation.framework; path = System/Library/Frameworks/Foundation.framework; sourceTree = SDKROOT; };
		3DF1687B15D30D27003236BA /* CoreGraphics.framework */ = {isa = PBXFileReference; lastKnownFileType = wrapper.framework; name = CoreGraphics.framework; path = System/Library/Frameworks/CoreGraphics.framework; sourceTree = SDKROOT; };
		3DF1687F15D30D27003236BA /* Constantijn-Info.plist */ = {isa = PBXFileReference; lastKnownFileType = text.plist.xml; path = "Constantijn-Info.plist"; sourceTree = "<group>"; };
		3DF1688115D30D27003236BA /* en */ = {isa = PBXFileReference; lastKnownFileType = text.plist.strings; name = en; path = en.lproj/InfoPlist.strings; sourceTree = "<group>"; };
		3DF1688315D30D27003236BA /* main.m */ = {isa = PBXFileReference; lastKnownFileType = sourcecode.c.objc; path = main.m; sourceTree = "<group>"; };
		3DF1688515D30D27003236BA /* Constantijn-Prefix.pch */ = {isa = PBXFileReference; lastKnownFileType = sourcecode.c.h; path = "Constantijn-Prefix.pch"; sourceTree = "<group>"; };
		3DF1688615D30D27003236BA /* AppDelegate.h */ = {isa = PBXFileReference; lastKnownFileType = sourcecode.c.h; path = AppDelegate.h; sourceTree = "<group>"; };
		3DF1688715D30D27003236BA /* AppDelegate.m */ = {isa = PBXFileReference; lastKnownFileType = sourcecode.c.objc; path = AppDelegate.m; sourceTree = "<group>"; };
		3DF1688A15D30D27003236BA /* en */ = {isa = PBXFileReference; lastKnownFileType = file.storyboard; name = en; path = en.lproj/MainStoryboard.storyboard; sourceTree = "<group>"; };
		3DF1688C15D30D27003236BA /* MainImageViewController.h */ = {isa = PBXFileReference; lastKnownFileType = sourcecode.c.h; path = MainImageViewController.h; sourceTree = "<group>"; };
		3DF1688D15D30D27003236BA /* MainImageViewController.m */ = {isa = PBXFileReference; lastKnownFileType = sourcecode.c.objc; path = MainImageViewController.m; sourceTree = "<group>"; };
/* End PBXFileReference section */

/* Begin PBXFrameworksBuildPhase section */
		3DF1687015D30D27003236BA /* Frameworks */ = {
			isa = PBXFrameworksBuildPhase;
			buildActionMask = 2147483647;
			files = (
				3D230E2D15E19E000003DC9D /* CoreData.framework in Frameworks */,
				3DF1687815D30D27003236BA /* UIKit.framework in Frameworks */,
				3DF1687A15D30D27003236BA /* Foundation.framework in Frameworks */,
				3DF1687C15D30D27003236BA /* CoreGraphics.framework in Frameworks */,
				3D5C0AE615E244D900F555C9 /* AWSiOSSDK.framework in Frameworks */,
				3D5C011315E280DA00E4A80B /* opencv2.framework in Frameworks */,
			);
			runOnlyForDeploymentPostprocessing = 0;
		};
/* End PBXFrameworksBuildPhase section */

/* Begin PBXGroup section */
		3D230E1E15E194000003DC9D /* Data */ = {
			isa = PBXGroup;
			children = (
				3D04C4DD15EBDCF900EA78DF /* Shape.h */,
				3D04C4DE15EBDCF900EA78DF /* Shape.m */,
				3D04C4D215EBD97600EA78DF /* Shape+CD.h */,
				3D04C4D315EBD97700EA78DF /* Shape+CD.m */,
				3D79D28615E5858700193CE7 /* Cluster.h */,
				3D79D28715E5858700193CE7 /* Cluster.m */,
				3D230E2015E1943B0003DC9D /* N0things.xcdatamodeld */,
			);
			name = Data;
			sourceTree = "<group>";
		};
		3D31637715E54DCC00E76754 /* images */ = {
			isa = PBXGroup;
			children = (
				3D31637815E54E3100E76754 /* foto */,
				3D31638B15E54E3100E76754 /* startscherm */,
				3DCF6A7E15EB77A7006FBFB4 /* please wait */,
				3DCF6A8A15EB7842006FBFB4 /* graphics collection & feedback */,
				3DCF6A9D15EB7871006FBFB4 /* about */,
				3D48AAFE15E650180090C0C8 /* icons */,
				3D31639A15E54E3100E76754 /* back-button-down.png */,
				3D31639B15E54E3100E76754 /* back-button-up.png */,
				3D31639C15E54E3100E76754 /* back-button-down@2x.png */,
				3D31639D15E54E3100E76754 /* back-button-up@2x.png */,
				3D79D2A915E6311C00193CE7 /* background.png */,
				3D79D2AA15E6311C00193CE7 /* background@2x.png */,
			);
			path = images;
			sourceTree = "<group>";
		};
		3D31637815E54E3100E76754 /* foto */ = {
			isa = PBXGroup;
			children = (
				3D3163C615E56F7500E76754 /* toolbar@2x.png */,
				3D3163C715E56F7500E76754 /* toolbar.png */,
				3D3163C815E56F7500E76754 /* titlebar.png */,
				3D3163C915E56F7500E76754 /* titlebar@2x.png */,
				3D31637915E54E3100E76754 /* photo-button-down.png */,
				3D31637A15E54E3100E76754 /* photo-button-down@2x.png */,
				3D31637B15E54E3100E76754 /* photo-button-up.png */,
				3D31637C15E54E3100E76754 /* photo-button-up@2x.png */,
				3D31637D15E54E3100E76754 /* title-select-shape.png */,
				3D31637E15E54E3100E76754 /* title-select-shape@2x.png */,
				3D31637F15E54E3100E76754 /* title-submit-shape.png */,
				3D31638015E54E3100E76754 /* title-submit-shape@2x.png */,
				3D31638115E54E3100E76754 /* title-take-picture.png */,
				3D31638215E54E3100E76754 /* title-take-picture@2x.png */,
				3D31638715E54E3100E76754 /* upload-button-down.png */,
				3D31638815E54E3100E76754 /* upload-button-down@2x.png */,
				3D31638915E54E3100E76754 /* upload-button-up.png */,
				3D31638A15E54E3100E76754 /* upload-button-up@2x.png */,
			);
			path = foto;
			sourceTree = "<group>";
		};
		3D31638B15E54E3100E76754 /* startscherm */ = {
			isa = PBXGroup;
			children = (
				3D31638C15E54E3100E76754 /* about-button-down.png */,
				3D79D28D15E630F200193CE7 /* button-about-down.png */,
				3D79D28E15E630F200193CE7 /* button-about-down@2x.png */,
				3D79D28F15E630F200193CE7 /* button-about-up.png */,
				3D79D29015E630F200193CE7 /* button-about-up@2x.png */,
				3D79D29115E630F200193CE7 /* button-collection-down.png */,
				3D79D29215E630F200193CE7 /* button-collection-down@2x.png */,
				3D79D29315E630F200193CE7 /* button-collection-up.png */,
				3D79D29415E630F200193CE7 /* button-collection-up@2x.png */,
				3D79D29515E630F200193CE7 /* button-start-down.png */,
				3D79D29615E630F200193CE7 /* button-start-down@2x.png */,
				3D79D29715E630F200193CE7 /* button-start-up.png */,
				3D79D29815E630F200193CE7 /* button-start-up@2x.png */,
				3D79D29915E630F200193CE7 /* title_nothings.png */,
				3D79D29A15E630F200193CE7 /* title_nothings@2x.png */,
			);
			path = startscherm;
			sourceTree = "<group>";
		};
		3D48AAFE15E650180090C0C8 /* icons */ = {
			isa = PBXGroup;
			children = (
				3DCF6A9E15EB9738006FBFB4 /* iTunesArtwork */,
				3DCF6A9F15EB9738006FBFB4 /* Icon-72.png */,
				3DCF6AA015EB9738006FBFB4 /* Icon-72@2x.png */,
				3DCF6AA115EB9738006FBFB4 /* Icon-Small-50.png */,
				3DCF6AA215EB9738006FBFB4 /* Icon-Small-50@2x.png */,
				3DCF6AA315EB9738006FBFB4 /* Icon-Small.png */,
				3DCF6AA415EB9738006FBFB4 /* Icon-Small@2x.png */,
				3DCF6AA515EB9738006FBFB4 /* Icon.png */,
				3DCF6AA615EB9738006FBFB4 /* Icon@2x.png */,
				3DCF6AA715EB9738006FBFB4 /* iTunesArtwork@2x */,
			);
			name = icons;
			sourceTree = "<group>";
		};
		3DCF6A7E15EB77A7006FBFB4 /* please wait */ = {
			isa = PBXGroup;
			children = (
				3DCF6A7F15EB77A7006FBFB4 /* title-detecting-shape.png */,
				3DCF6A8015EB77A7006FBFB4 /* title-detecting-shape@2x.png */,
				3DCF6A8115EB77A7006FBFB4 /* title-please-wait@2x.png */,
				3DCF6A8215EB77A7006FBFB4 /* title-please-wait.png */,
			);
			path = "please wait";
			sourceTree = "<group>";
		};
		3DCF6A8A15EB7842006FBFB4 /* graphics collection & feedback */ = {
			isa = PBXGroup;
			children = (
				3DCF6A8B15EB7842006FBFB4 /* feedback-+1.png */,
				3DCF6A8C15EB7842006FBFB4 /* feedback-+1@2x.png */,
				3DCF6A8D15EB7842006FBFB4 /* feedback-well-done.png */,
				3DCF6A8E15EB7842006FBFB4 /* feedback-well-done@2x.png */,
				3DCF6A9115EB7842006FBFB4 /* title-your-collection.png */,
				3DCF6A9215EB7842006FBFB4 /* title-your-collection@2x.png */,
			);
			path = "graphics collection & feedback";
			sourceTree = "<group>";
		};
		3DCF6A9D15EB7871006FBFB4 /* about */ = {
			isa = PBXGroup;
			children = (
				3DCF6A8F15EB7842006FBFB4 /* title-about.png */,
				3DCF6A9015EB7842006FBFB4 /* title-about@2x.png */,
			);
			name = about;
			sourceTree = "<group>";
		};
		3DF1686815D30D27003236BA = {
			isa = PBXGroup;
			children = (
				3DF1687D15D30D27003236BA /* Constantijn */,
				3DF1687615D30D27003236BA /* Frameworks */,
				3DF1687415D30D27003236BA /* Products */,
			);
			sourceTree = "<group>";
		};
		3DF1687415D30D27003236BA /* Products */ = {
			isa = PBXGroup;
			children = (
				3DF1687315D30D27003236BA /* Constantijn.app */,
			);
			name = Products;
			sourceTree = "<group>";
		};
		3DF1687615D30D27003236BA /* Frameworks */ = {
			isa = PBXGroup;
			children = (
				3D5C011215E280DA00E4A80B /* opencv2.framework */,
				3D5C0AE515E244D900F555C9 /* AWSiOSSDK.framework */,
				3D230E2C15E19E000003DC9D /* CoreData.framework */,
				3DF1687715D30D27003236BA /* UIKit.framework */,
				3DF1687915D30D27003236BA /* Foundation.framework */,
				3DF1687B15D30D27003236BA /* CoreGraphics.framework */,
			);
			name = Frameworks;
			sourceTree = "<group>";
		};
		3DF1687D15D30D27003236BA /* Constantijn */ = {
			isa = PBXGroup;
			children = (
				3D5C012415E295E800E4A80B /* Constants.h */,
				3DF1688615D30D27003236BA /* AppDelegate.h */,
				3DF1688715D30D27003236BA /* AppDelegate.m */,
				3DF1688915D30D27003236BA /* MainStoryboard.storyboard */,
				3D98A06F15D94B5C0067BDE9 /* StartViewController.h */,
				3D98A07015D94B5C0067BDE9 /* StartViewController.m */,
				3DF1688C15D30D27003236BA /* MainImageViewController.h */,
				3DF1688D15D30D27003236BA /* MainImageViewController.m */,
				3DCD0BBF15E66F1200C6E817 /* ShapeRecordView.h */,
				3DCD0BC015E66F1200C6E817 /* ShapeRecordView.m */,
				3D3163CE15E576C100E76754 /* CollectionViewController.h */,
				3D3163CF15E576C100E76754 /* CollectionViewController.m */,
				3D3163D115E5781200E76754 /* ClusterView.h */,
				3D3163D215E5781300E76754 /* ClusterView.m */,
				3D79D28A15E594B100193CE7 /* ShapeView.h */,
				3D79D28B15E594B100193CE7 /* ShapeView.m */,
				3D5C010E15E27D9100E4A80B /* ShapeRecord.h */,
				3D5C010F15E27D9100E4A80B /* ShapeRecord.m */,
				3D332B3615D942440065F9E6 /* ImageProcessingProtocol.h */,
				3D230E2915E19A430003DC9D /* ImageProcessingOperation.h */,
				3D230E2A15E19A430003DC9D /* ImageProcessingOperation.m */,
				3D332B2E15D940D20065F9E6 /* ImageProcessing.h */,
				3D332B2F15D940D20065F9E6 /* ImageProcessing.mm */,
				3D98A07715D99C140067BDE9 /* CollectionManager.h */,
				3D98A07815D99C140067BDE9 /* CollectionManager.m */,
				3D04C4E015EBDE7200EA78DF /* ISO8601DateFormatter.h */,
				3D04C4E115EBDE7200EA78DF /* ISO8601DateFormatter.m */,
				3D230E1E15E194000003DC9D /* Data */,
				3DF1687E15D30D27003236BA /* Supporting Files */,
			);
			path = Constantijn;
			sourceTree = "<group>";
		};
		3DF1687E15D30D27003236BA /* Supporting Files */ = {
			isa = PBXGroup;
			children = (
				3DF1687F15D30D27003236BA /* Constantijn-Info.plist */,
				3D31637715E54DCC00E76754 /* images */,
				3DF1688015D30D27003236BA /* InfoPlist.strings */,
				3DF1688315D30D27003236BA /* main.m */,
				3DF1688515D30D27003236BA /* Constantijn-Prefix.pch */,
			);
			name = "Supporting Files";
			sourceTree = "<group>";
		};
/* End PBXGroup section */

/* Begin PBXNativeTarget section */
		3DF1687215D30D27003236BA /* Constantijn */ = {
			isa = PBXNativeTarget;
			buildConfigurationList = 3DF1689115D30D27003236BA /* Build configuration list for PBXNativeTarget "Constantijn" */;
			buildPhases = (
				3DF1686F15D30D27003236BA /* Sources */,
				3DF1687015D30D27003236BA /* Frameworks */,
				3DF1687115D30D27003236BA /* Resources */,
			);
			buildRules = (
			);
			dependencies = (
			);
			name = Constantijn;
			productName = Constantijn;
			productReference = 3DF1687315D30D27003236BA /* Constantijn.app */;
			productType = "com.apple.product-type.application";
		};
/* End PBXNativeTarget section */

/* Begin PBXProject section */
		3DF1686A15D30D27003236BA /* Project object */ = {
			isa = PBXProject;
			attributes = {
				LastUpgradeCheck = 0440;
				ORGANIZATIONNAME = V2_;
			};
			buildConfigurationList = 3DF1686D15D30D27003236BA /* Build configuration list for PBXProject "Constantijn" */;
			compatibilityVersion = "Xcode 3.2";
			developmentRegion = English;
			hasScannedForEncodings = 0;
			knownRegions = (
				en,
			);
			mainGroup = 3DF1686815D30D27003236BA;
			productRefGroup = 3DF1687415D30D27003236BA /* Products */;
			projectDirPath = "";
			projectRoot = "";
			targets = (
				3DF1687215D30D27003236BA /* Constantijn */,
			);
		};
/* End PBXProject section */

/* Begin PBXResourcesBuildPhase section */
		3DF1687115D30D27003236BA /* Resources */ = {
			isa = PBXResourcesBuildPhase;
			buildActionMask = 2147483647;
			files = (
				3DF1688215D30D27003236BA /* InfoPlist.strings in Resources */,
				3DF1688B15D30D27003236BA /* MainStoryboard.storyboard in Resources */,
				3D3163A015E54E3100E76754 /* photo-button-down.png in Resources */,
				3D3163A115E54E3100E76754 /* photo-button-down@2x.png in Resources */,
				3D3163A215E54E3100E76754 /* photo-button-up.png in Resources */,
				3D3163A315E54E3100E76754 /* photo-button-up@2x.png in Resources */,
				3D3163A415E54E3100E76754 /* title-select-shape.png in Resources */,
				3D3163A515E54E3100E76754 /* title-select-shape@2x.png in Resources */,
				3D3163A615E54E3100E76754 /* title-submit-shape.png in Resources */,
				3D3163A715E54E3100E76754 /* title-submit-shape@2x.png in Resources */,
				3D3163A815E54E3100E76754 /* title-take-picture.png in Resources */,
				3D3163A915E54E3100E76754 /* title-take-picture@2x.png in Resources */,
				3D3163AE15E54E3100E76754 /* upload-button-down.png in Resources */,
				3D3163AF15E54E3100E76754 /* upload-button-down@2x.png in Resources */,
				3D3163B015E54E3100E76754 /* upload-button-up.png in Resources */,
				3D3163B115E54E3100E76754 /* upload-button-up@2x.png in Resources */,
				3D3163B215E54E3100E76754 /* about-button-down.png in Resources */,
				3D3163C015E54E3100E76754 /* back-button-down.png in Resources */,
				3D3163C115E54E3100E76754 /* back-button-up.png in Resources */,
				3D3163C215E54E3100E76754 /* back-button-down@2x.png in Resources */,
				3D3163C315E54E3100E76754 /* back-button-up@2x.png in Resources */,
				3D3163CA15E56F7500E76754 /* toolbar@2x.png in Resources */,
				3D3163CB15E56F7500E76754 /* toolbar.png in Resources */,
				3D3163CC15E56F7500E76754 /* titlebar.png in Resources */,
				3D3163CD15E56F7500E76754 /* titlebar@2x.png in Resources */,
				3D79D29B15E630F200193CE7 /* button-about-down.png in Resources */,
				3D79D29C15E630F200193CE7 /* button-about-down@2x.png in Resources */,
				3D79D29D15E630F200193CE7 /* button-about-up.png in Resources */,
				3D79D29E15E630F200193CE7 /* button-about-up@2x.png in Resources */,
				3D79D29F15E630F200193CE7 /* button-collection-down.png in Resources */,
				3D79D2A015E630F200193CE7 /* button-collection-down@2x.png in Resources */,
				3D79D2A115E630F200193CE7 /* button-collection-up.png in Resources */,
				3D79D2A215E630F200193CE7 /* button-collection-up@2x.png in Resources */,
				3D79D2A315E630F200193CE7 /* button-start-down.png in Resources */,
				3D79D2A415E630F200193CE7 /* button-start-down@2x.png in Resources */,
				3D79D2A515E630F200193CE7 /* button-start-up.png in Resources */,
				3D79D2A615E630F200193CE7 /* button-start-up@2x.png in Resources */,
				3D79D2A715E630F200193CE7 /* title_nothings.png in Resources */,
				3D79D2A815E630F200193CE7 /* title_nothings@2x.png in Resources */,
				3D79D2AB15E6311C00193CE7 /* background.png in Resources */,
				3D79D2AC15E6311C00193CE7 /* background@2x.png in Resources */,
				3DCF6A8415EB77A7006FBFB4 /* title-detecting-shape.png in Resources */,
				3DCF6A8515EB77A7006FBFB4 /* title-detecting-shape@2x.png in Resources */,
				3DCF6A8615EB77A7006FBFB4 /* title-please-wait@2x.png in Resources */,
				3DCF6A8715EB77A7006FBFB4 /* title-please-wait.png in Resources */,
				3DCF6A9415EB7842006FBFB4 /* feedback-+1.png in Resources */,
				3DCF6A9515EB7842006FBFB4 /* feedback-+1@2x.png in Resources */,
				3DCF6A9615EB7842006FBFB4 /* feedback-well-done.png in Resources */,
				3DCF6A9715EB7842006FBFB4 /* feedback-well-done@2x.png in Resources */,
				3DCF6A9815EB7842006FBFB4 /* title-about.png in Resources */,
				3DCF6A9915EB7842006FBFB4 /* title-about@2x.png in Resources */,
				3DCF6A9A15EB7842006FBFB4 /* title-your-collection.png in Resources */,
				3DCF6A9B15EB7842006FBFB4 /* title-your-collection@2x.png in Resources */,
				3DCF6AA815EB9738006FBFB4 /* iTunesArtwork in Resources */,
				3DCF6AA915EB9738006FBFB4 /* Icon-72.png in Resources */,
				3DCF6AAA15EB9738006FBFB4 /* Icon-72@2x.png in Resources */,
				3DCF6AAB15EB9738006FBFB4 /* Icon-Small-50.png in Resources */,
				3DCF6AAC15EB9738006FBFB4 /* Icon-Small-50@2x.png in Resources */,
				3DCF6AAD15EB9738006FBFB4 /* Icon-Small.png in Resources */,
				3DCF6AAE15EB9738006FBFB4 /* Icon-Small@2x.png in Resources */,
				3DCF6AAF15EB9738006FBFB4 /* Icon.png in Resources */,
				3DCF6AB015EB9738006FBFB4 /* Icon@2x.png in Resources */,
				3DCF6AB115EB9738006FBFB4 /* iTunesArtwork@2x in Resources */,
			);
			runOnlyForDeploymentPostprocessing = 0;
		};
/* End PBXResourcesBuildPhase section */

/* Begin PBXSourcesBuildPhase section */
		3DF1686F15D30D27003236BA /* Sources */ = {
			isa = PBXSourcesBuildPhase;
			buildActionMask = 2147483647;
			files = (
				3DF1688415D30D27003236BA /* main.m in Sources */,
				3DF1688815D30D27003236BA /* AppDelegate.m in Sources */,
				3DF1688E15D30D27003236BA /* MainImageViewController.m in Sources */,
				3D332B3015D940D20065F9E6 /* ImageProcessing.mm in Sources */,
				3D98A07115D94B5C0067BDE9 /* StartViewController.m in Sources */,
				3D98A07915D99C140067BDE9 /* CollectionManager.m in Sources */,
				3D230E2B15E19A430003DC9D /* ImageProcessingOperation.m in Sources */,
				3D5C011015E27D9100E4A80B /* ShapeRecord.m in Sources */,
				3D3163D015E576C100E76754 /* CollectionViewController.m in Sources */,
				3D3163D315E5781300E76754 /* ClusterView.m in Sources */,
				3D79D28815E5858700193CE7 /* Cluster.m in Sources */,
				3D79D28C15E594B100193CE7 /* ShapeView.m in Sources */,
				3DCD0BC115E66F1200C6E817 /* ShapeRecordView.m in Sources */,
				3D04C4CB15EBD8BB00EA78DF /* N0things.xcdatamodeld in Sources */,
				3D04C4D415EBD97700EA78DF /* Shape+CD.m in Sources */,
				3D04C4DF15EBDCF900EA78DF /* Shape.m in Sources */,
				3D04C4E215EBDE7600EA78DF /* ISO8601DateFormatter.m in Sources */,
			);
			runOnlyForDeploymentPostprocessing = 0;
		};
/* End PBXSourcesBuildPhase section */

/* Begin PBXVariantGroup section */
		3DF1688015D30D27003236BA /* InfoPlist.strings */ = {
			isa = PBXVariantGroup;
			children = (
				3DF1688115D30D27003236BA /* en */,
			);
			name = InfoPlist.strings;
			sourceTree = "<group>";
		};
		3DF1688915D30D27003236BA /* MainStoryboard.storyboard */ = {
			isa = PBXVariantGroup;
			children = (
				3DF1688A15D30D27003236BA /* en */,
			);
			name = MainStoryboard.storyboard;
			sourceTree = "<group>";
		};
/* End PBXVariantGroup section */

/* Begin XCBuildConfiguration section */
		3DF1688F15D30D27003236BA /* Debug */ = {
			isa = XCBuildConfiguration;
			buildSettings = {
				ALWAYS_SEARCH_USER_PATHS = NO;
				ARCHS = "$(ARCHS_STANDARD_32_BIT)";
				CLANG_CXX_LANGUAGE_STANDARD = "gnu++0x";
				CLANG_ENABLE_OBJC_ARC = YES;
				CLANG_WARN__DUPLICATE_METHOD_MATCH = YES;
				"CODE_SIGN_IDENTITY[sdk=iphoneos*]" = "iPhone Developer";
				COPY_PHASE_STRIP = NO;
				GCC_C_LANGUAGE_STANDARD = gnu99;
				GCC_DYNAMIC_NO_PIC = NO;
				GCC_OPTIMIZATION_LEVEL = 0;
				GCC_PREPROCESSOR_DEFINITIONS = (
					"DEBUG=1",
					"$(inherited)",
				);
				GCC_SYMBOLS_PRIVATE_EXTERN = NO;
				GCC_VERSION = com.apple.compilers.llvm.clang.1_0;
				GCC_WARN_ABOUT_RETURN_TYPE = YES;
				GCC_WARN_UNINITIALIZED_AUTOS = YES;
				GCC_WARN_UNUSED_VARIABLE = YES;
				IPHONEOS_DEPLOYMENT_TARGET = 5.0;
				SDKROOT = iphoneos;
			};
			name = Debug;
		};
		3DF1689015D30D27003236BA /* Release */ = {
			isa = XCBuildConfiguration;
			buildSettings = {
				ALWAYS_SEARCH_USER_PATHS = NO;
				ARCHS = "$(ARCHS_STANDARD_32_BIT)";
				CLANG_CXX_LANGUAGE_STANDARD = "gnu++0x";
				CLANG_ENABLE_OBJC_ARC = YES;
				CLANG_WARN__DUPLICATE_METHOD_MATCH = YES;
				"CODE_SIGN_IDENTITY[sdk=iphoneos*]" = "iPhone Developer";
				COPY_PHASE_STRIP = YES;
				GCC_C_LANGUAGE_STANDARD = gnu99;
				GCC_VERSION = com.apple.compilers.llvm.clang.1_0;
				GCC_WARN_ABOUT_RETURN_TYPE = YES;
				GCC_WARN_UNINITIALIZED_AUTOS = YES;
				GCC_WARN_UNUSED_VARIABLE = YES;
				IPHONEOS_DEPLOYMENT_TARGET = 5.0;
				OTHER_CFLAGS = "-DNS_BLOCK_ASSERTIONS=1";
				SDKROOT = iphoneos;
				VALIDATE_PRODUCT = YES;
			};
			name = Release;
		};
		3DF1689215D30D27003236BA /* Debug */ = {
			isa = XCBuildConfiguration;
			buildSettings = {
				FRAMEWORK_SEARCH_PATHS = (
					"$(inherited)",
					"\"$(SRCROOT)/../../Downloads/aws-ios-sdk-1.3.3\"",
					"\"$(SRCROOT)\"",
				);
				GCC_PRECOMPILE_PREFIX_HEADER = YES;
				GCC_PREFIX_HEADER = "Constantijn/Constantijn-Prefix.pch";
				INFOPLIST_FILE = "Constantijn/Constantijn-Info.plist";
				IPHONEOS_DEPLOYMENT_TARGET = 5.0;
				PRODUCT_NAME = "$(TARGET_NAME)";
				WRAPPER_EXTENSION = app;
			};
			name = Debug;
		};
		3DF1689315D30D27003236BA /* Release */ = {
			isa = XCBuildConfiguration;
			buildSettings = {
				FRAMEWORK_SEARCH_PATHS = (
					"$(inherited)",
					"\"$(SRCROOT)/../../Downloads/aws-ios-sdk-1.3.3\"",
					"\"$(SRCROOT)\"",
				);
				GCC_PRECOMPILE_PREFIX_HEADER = YES;
				GCC_PREFIX_HEADER = "Constantijn/Constantijn-Prefix.pch";
				INFOPLIST_FILE = "Constantijn/Constantijn-Info.plist";
				IPHONEOS_DEPLOYMENT_TARGET = 5.0;
				PRODUCT_NAME = "$(TARGET_NAME)";
				WRAPPER_EXTENSION = app;
			};
			name = Release;
		};
/* End XCBuildConfiguration section */

/* Begin XCConfigurationList section */
		3DF1686D15D30D27003236BA /* Build configuration list for PBXProject "Constantijn" */ = {
			isa = XCConfigurationList;
			buildConfigurations = (
				3DF1688F15D30D27003236BA /* Debug */,
				3DF1689015D30D27003236BA /* Release */,
			);
			defaultConfigurationIsVisible = 0;
			defaultConfigurationName = Release;
		};
		3DF1689115D30D27003236BA /* Build configuration list for PBXNativeTarget "Constantijn" */ = {
			isa = XCConfigurationList;
			buildConfigurations = (
				3DF1689215D30D27003236BA /* Debug */,
				3DF1689315D30D27003236BA /* Release */,
			);
			defaultConfigurationIsVisible = 0;
			defaultConfigurationName = Release;
		};
/* End XCConfigurationList section */

/* Begin XCVersionGroup section */
		3D230E2015E1943B0003DC9D /* N0things.xcdatamodeld */ = {
			isa = XCVersionGroup;
			children = (
				3D04C4C615EBD42500EA78DF /* N0things 2.xcdatamodel */,
				3D230E2115E1943B0003DC9D /* N0things.xcdatamodel */,
			);
			currentVersion = 3D04C4C615EBD42500EA78DF /* N0things 2.xcdatamodel */;
			path = N0things.xcdatamodeld;
			sourceTree = "<group>";
			versionGroupType = wrapper.xcdatamodel;
		};
/* End XCVersionGroup section */
	};
	rootObject = 3DF1686A15D30D27003236BA /* Project object */;
}
